
Microsoft Visual Studio Solution File, Format Version 12.00
# Visual Studio Version 17
VisualStudioVersion = 17.5.002.0
MinimumVisualStudioVersion = 10.0.40219.1
Project("{9A19103F-16F7-4668-BE54-9A1E7A4F7556}") = "Student_game.Server", "Student_game.Server.csproj", "{8FAEED30-FCBE-445C-BCD5-DEB32C22E971}"
EndProject
Global
	GlobalSection(SolutionConfigurationPlatforms) = preSolution
		Debug|Any CPU = Debug|Any CPU
		Release|Any CPU = Release|Any CPU
	EndGlobalSection
	GlobalSection(ProjectConfigurationPlatforms) = postSolution
		{8FAEED30-FCBE-445C-BCD5-DEB32C22E971}.Debug|Any CPU.ActiveCfg = Debug|Any CPU
		{8FAEED30-FCBE-445C-BCD5-DEB32C22E971}.Debug|Any CPU.Build.0 = Debug|Any CPU
		{8FAEED30-FCBE-445C-BCD5-DEB32C22E971}.Release|Any CPU.ActiveCfg = Release|Any CPU
		{8FAEED30-FCBE-445C-BCD5-DEB32C22E971}.Release|Any CPU.Build.0 = Release|Any CPU
	EndGlobalSection
	GlobalSection(SolutionProperties) = preSolution
		HideSolutionNode = FALSE
	EndGlobalSection
	GlobalSection(ExtensibilityGlobals) = postSolution
		SolutionGuid = {91CC4ACE-DB09-4877-BE2A-D7046BC6357C}
	EndGlobalSection
EndGlobal
